
Microsoft Visual Studio Solution File, Format Version 10.00
# Visual Studio 2008
Project("{FAE04EC0-301F-11D3-BF4B-00C04F79EFBC}") = "budhashop", "budhashop\budhashop.csproj", "{E77F4BF3-62CB-4685-B114-B1F176DC56F0}"
EndProject
Project("{FAE04EC0-301F-11D3-BF4B-00C04F79EFBC}") = "BusinessLogicBS", "..\BusinessLogicBS\BusinessLogicBS\BusinessLogicBS.csproj", "{15DAD2B5-AEF4-4662-B1C8-C5CE3B09C28B}"
	ProjectSection(ProjectDependencies) = postProject
		{10E41B0C-8F57-4AEE-89BA-594AC558FF76} = {10E41B0C-8F57-4AEE-89BA-594AC558FF76}
	EndProjectSection
EndProject
Project("{FAE04EC0-301F-11D3-BF4B-00C04F79EFBC}") = "BusinessEntitiesBS", "..\BusinessEntitiesBS\BusinessEntitiesBS\BusinessEntitiesBS.csproj", "{10E41B0C-8F57-4AEE-89BA-594AC558FF76}"
EndProject
Project("{FAE04EC0-301F-11D3-BF4B-00C04F79EFBC}") = "DataAccessBS", "..\DataAccessBS\DataAccessBS\DataAccessBS.csproj", "{EC0F6006-B466-486A-8205-AA1A648D1C99}"
	ProjectSection(ProjectDependencies) = postProject
		{10E41B0C-8F57-4AEE-89BA-594AC558FF76} = {10E41B0C-8F57-4AEE-89BA-594AC558FF76}
	EndProjectSection
EndProject
Project("{FAE04EC0-301F-11D3-BF4B-00C04F79EFBC}") = "InterfacesBS", "..\InterfacesBS\InterfacesBS\InterfacesBS.csproj", "{669FF723-1ABA-49DF-9580-E5FCB7B72A87}"
	ProjectSection(ProjectDependencies) = postProject
		{10E41B0C-8F57-4AEE-89BA-594AC558FF76} = {10E41B0C-8F57-4AEE-89BA-594AC558FF76}
	EndProjectSection
EndProject
Global
	GlobalSection(SolutionConfigurationPlatforms) = preSolution
		Debug|Any CPU = Debug|Any CPU
		Release|Any CPU = Release|Any CPU
	EndGlobalSection
	GlobalSection(ProjectConfigurationPlatforms) = postSolution
		{E77F4BF3-62CB-4685-B114-B1F176DC56F0}.Debug|Any CPU.ActiveCfg = Debug|Any CPU
		{E77F4BF3-62CB-4685-B114-B1F176DC56F0}.Debug|Any CPU.Build.0 = Debug|Any CPU
		{E77F4BF3-62CB-4685-B114-B1F176DC56F0}.Release|Any CPU.ActiveCfg = Release|Any CPU
		{E77F4BF3-62CB-4685-B114-B1F176DC56F0}.Release|Any CPU.Build.0 = Release|Any CPU
		{15DAD2B5-AEF4-4662-B1C8-C5CE3B09C28B}.Debug|Any CPU.ActiveCfg = Debug|Any CPU
		{15DAD2B5-AEF4-4662-B1C8-C5CE3B09C28B}.Debug|Any CPU.Build.0 = Debug|Any CPU
		{15DAD2B5-AEF4-4662-B1C8-C5CE3B09C28B}.Release|Any CPU.ActiveCfg = Release|Any CPU
		{15DAD2B5-AEF4-4662-B1C8-C5CE3B09C28B}.Release|Any CPU.Build.0 = Release|Any CPU
		{10E41B0C-8F57-4AEE-89BA-594AC558FF76}.Debug|Any CPU.ActiveCfg = Debug|Any CPU
		{10E41B0C-8F57-4AEE-89BA-594AC558FF76}.Debug|Any CPU.Build.0 = Debug|Any CPU
		{10E41B0C-8F57-4AEE-89BA-594AC558FF76}.Release|Any CPU.ActiveCfg = Release|Any CPU
		{10E41B0C-8F57-4AEE-89BA-594AC558FF76}.Release|Any CPU.Build.0 = Release|Any CPU
		{EC0F6006-B466-486A-8205-AA1A648D1C99}.Debug|Any CPU.ActiveCfg = Debug|Any CPU
		{EC0F6006-B466-486A-8205-AA1A648D1C99}.Debug|Any CPU.Build.0 = Debug|Any CPU
		{EC0F6006-B466-486A-8205-AA1A648D1C99}.Release|Any CPU.ActiveCfg = Release|Any CPU
		{EC0F6006-B466-486A-8205-AA1A648D1C99}.Release|Any CPU.Build.0 = Release|Any CPU
		{669FF723-1ABA-49DF-9580-E5FCB7B72A87}.Debug|Any CPU.ActiveCfg = Debug|Any CPU
		{669FF723-1ABA-49DF-9580-E5FCB7B72A87}.Debug|Any CPU.Build.0 = Debug|Any CPU
		{669FF723-1ABA-49DF-9580-E5FCB7B72A87}.Release|Any CPU.ActiveCfg = Release|Any CPU
		{669FF723-1ABA-49DF-9580-E5FCB7B72A87}.Release|Any CPU.Build.0 = Release|Any CPU
	EndGlobalSection
	GlobalSection(SolutionProperties) = preSolution
		HideSolutionNode = FALSE
	EndGlobalSection
EndGlobal
